// !$*UTF8*$!
{
	archiveVersion = 1;
	classes = {
	};
	objectVersion = 50;
	objects = {

/* Begin PBXBuildFile section */
		7B19AB76261E7F8F0044F40D /* PBinaryTree + traversal.swift in Sources */ = {isa = PBXBuildFile; fileRef = 7B19AB75261E7F8F0044F40D /* PBinaryTree + traversal.swift */; };
		7B19AB7A261FC5A60044F40D /* PBinaryTree + parctise.swift in Sources */ = {isa = PBXBuildFile; fileRef = 7B19AB79261FC5A60044F40D /* PBinaryTree + parctise.swift */; };
		7B19AB7E2623CEF30044F40D /* PBinaryTree + leetcode.swift in Sources */ = {isa = PBXBuildFile; fileRef = 7B19AB7D2623CEF30044F40D /* PBinaryTree + leetcode.swift */; };
		7B19AB822634E7EA0044F40D /* PBinaryTree + leetcode2.swift in Sources */ = {isa = PBXBuildFile; fileRef = 7B19AB812634E7EA0044F40D /* PBinaryTree + leetcode2.swift */; };
		7B19ABC4265881780044F40D /* PTreeNode + print.swift in Sources */ = {isa = PBXBuildFile; fileRef = 7B19ABC3265881780044F40D /* PTreeNode + print.swift */; };
		7B19ABCA265F10E80044F40D /* PTreeNode + AVL.swift in Sources */ = {isa = PBXBuildFile; fileRef = 7B19ABC9265F10E80044F40D /* PTreeNode + AVL.swift */; };
		7B26637E24EEE1B800BD0ED4 /* PractiseStack.swift in Sources */ = {isa = PBXBuildFile; fileRef = 7B26637D24EEE1B800BD0ED4 /* PractiseStack.swift */; };
		7B36717A2602CC5D00C71401 /* PQueue.swift in Sources */ = {isa = PBXBuildFile; fileRef = 7B3671792602CC5D00C71401 /* PQueue.swift */; };
		7B36717F26062B6700C71401 /* PStack.swift in Sources */ = {isa = PBXBuildFile; fileRef = 7B36717E26062B6700C71401 /* PStack.swift */; };
		7B367183260ABF0300C71401 /* PBinaryTree.swift in Sources */ = {isa = PBXBuildFile; fileRef = 7B367182260ABF0300C71401 /* PBinaryTree.swift */; };
		7B367187260AC12600C71401 /* PTree.swift in Sources */ = {isa = PBXBuildFile; fileRef = 7B367186260AC12600C71401 /* PTree.swift */; };
		7B586CAE26AC0DD500FFFB25 /* PMatrix.swift in Sources */ = {isa = PBXBuildFile; fileRef = 7B586CAD26AC0DD500FFFB25 /* PMatrix.swift */; };
		7B7B253826B0C35800119830 /* PNumber.swift in Sources */ = {isa = PBXBuildFile; fileRef = 7B7B253726B0C35800119830 /* PNumber.swift */; };
		7B8A118526774F0E00635694 /* PTreeNode + BinarySearch.swift in Sources */ = {isa = PBXBuildFile; fileRef = 7B8A118426774F0E00635694 /* PTreeNode + BinarySearch.swift */; };
		7B8A118A26815A1900635694 /* PCollection.swift in Sources */ = {isa = PBXBuildFile; fileRef = 7B8A118926815A1900635694 /* PCollection.swift */; };
		B786E7B0248F0F3F00DE1285 /* PractiseValue.swift in Sources */ = {isa = PBXBuildFile; fileRef = B786E7AF248F0F3F00DE1285 /* PractiseValue.swift */; };
		B7B173AC23AD121400B0729C /* PractiseFind.swift in Sources */ = {isa = PBXBuildFile; fileRef = B7B173AB23AD121400B0729C /* PractiseFind.swift */; };
		B7B173AF23AE388200B0729C /* practiseString.swift in Sources */ = {isa = PBXBuildFile; fileRef = B7B173AE23AE388100B0729C /* practiseString.swift */; };
		B7B173B223AF664900B0729C /* PractiseListNodePrint.swift in Sources */ = {isa = PBXBuildFile; fileRef = B7B173B123AF664900B0729C /* PractiseListNodePrint.swift */; };
		B7B173B523B36DA500B0729C /* PractiseBinaryTree.swift in Sources */ = {isa = PBXBuildFile; fileRef = B7B173B423B36DA500B0729C /* PractiseBinaryTree.swift */; };
		B7B173BA23B4AA4E00B0729C /* PractiseStackQueue.swift in Sources */ = {isa = PBXBuildFile; fileRef = B7B173B923B4AA4E00B0729C /* PractiseStackQueue.swift */; };
		B7DC12DB23A9EE47006DCF9B /* AppDelegate.swift in Sources */ = {isa = PBXBuildFile; fileRef = B7DC12DA23A9EE47006DCF9B /* AppDelegate.swift */; };
		B7DC12DD23A9EE47006DCF9B /* SceneDelegate.swift in Sources */ = {isa = PBXBuildFile; fileRef = B7DC12DC23A9EE47006DCF9B /* SceneDelegate.swift */; };
		B7DC12DF23A9EE47006DCF9B /* ViewController.swift in Sources */ = {isa = PBXBuildFile; fileRef = B7DC12DE23A9EE47006DCF9B /* ViewController.swift */; };
		B7DC12E223A9EE47006DCF9B /* Main.storyboard in Resources */ = {isa = PBXBuildFile; fileRef = B7DC12E023A9EE47006DCF9B /* Main.storyboard */; };
		B7DC12E423A9EE48006DCF9B /* Assets.xcassets in Resources */ = {isa = PBXBuildFile; fileRef = B7DC12E323A9EE48006DCF9B /* Assets.xcassets */; };
		B7DC12E723A9EE48006DCF9B /* LaunchScreen.storyboard in Resources */ = {isa = PBXBuildFile; fileRef = B7DC12E523A9EE48006DCF9B /* LaunchScreen.storyboard */; };
		B7DC12F223A9EE48006DCF9B /* PractiseAlgorithmTests.swift in Sources */ = {isa = PBXBuildFile; fileRef = B7DC12F123A9EE48006DCF9B /* PractiseAlgorithmTests.swift */; };
		B7DC12FE23A9EE81006DCF9B /* PractiseSort.swift in Sources */ = {isa = PBXBuildFile; fileRef = B7DC12FD23A9EE81006DCF9B /* PractiseSort.swift */; };
/* End PBXBuildFile section */

/* Begin PBXContainerItemProxy section */
		B7DC12EE23A9EE48006DCF9B /* PBXContainerItemProxy */ = {
			isa = PBXContainerItemProxy;
			containerPortal = B7DC12CF23A9EE47006DCF9B /* Project object */;
			proxyType = 1;
			remoteGlobalIDString = B7DC12D623A9EE47006DCF9B;
			remoteInfo = PractiseAlgorithm;
		};
/* End PBXContainerItemProxy section */

/* Begin PBXFileReference section */
		7B19AB75261E7F8F0044F40D /* PBinaryTree + traversal.swift */ = {isa = PBXFileReference; lastKnownFileType = sourcecode.swift; path = "PBinaryTree + traversal.swift"; sourceTree = "<group>"; };
		7B19AB79261FC5A60044F40D /* PBinaryTree + parctise.swift */ = {isa = PBXFileReference; lastKnownFileType = sourcecode.swift; path = "PBinaryTree + parctise.swift"; sourceTree = "<group>"; };
		7B19AB7D2623CEF30044F40D /* PBinaryTree + leetcode.swift */ = {isa = PBXFileReference; lastKnownFileType = sourcecode.swift; path = "PBinaryTree + leetcode.swift"; sourceTree = "<group>"; };
		7B19AB812634E7EA0044F40D /* PBinaryTree + leetcode2.swift */ = {isa = PBXFileReference; lastKnownFileType = sourcecode.swift; path = "PBinaryTree + leetcode2.swift"; sourceTree = "<group>"; };
		7B19ABC3265881780044F40D /* PTreeNode + print.swift */ = {isa = PBXFileReference; lastKnownFileType = sourcecode.swift; path = "PTreeNode + print.swift"; sourceTree = "<group>"; };
		7B19ABC9265F10E80044F40D /* PTreeNode + AVL.swift */ = {isa = PBXFileReference; lastKnownFileType = sourcecode.swift; path = "PTreeNode + AVL.swift"; sourceTree = "<group>"; };
		7B26637D24EEE1B800BD0ED4 /* PractiseStack.swift */ = {isa = PBXFileReference; lastKnownFileType = sourcecode.swift; path = PractiseStack.swift; sourceTree = "<group>"; };
		7B3671792602CC5D00C71401 /* PQueue.swift */ = {isa = PBXFileReference; lastKnownFileType = sourcecode.swift; path = PQueue.swift; sourceTree = "<group>"; };
		7B36717E26062B6700C71401 /* PStack.swift */ = {isa = PBXFileReference; lastKnownFileType = sourcecode.swift; path = PStack.swift; sourceTree = "<group>"; };
		7B367182260ABF0300C71401 /* PBinaryTree.swift */ = {isa = PBXFileReference; lastKnownFileType = sourcecode.swift; path = PBinaryTree.swift; sourceTree = "<group>"; };
		7B367186260AC12600C71401 /* PTree.swift */ = {isa = PBXFileReference; lastKnownFileType = sourcecode.swift; path = PTree.swift; sourceTree = "<group>"; };
		7B586CAD26AC0DD500FFFB25 /* PMatrix.swift */ = {isa = PBXFileReference; lastKnownFileType = sourcecode.swift; path = PMatrix.swift; sourceTree = "<group>"; };
		7B7B253726B0C35800119830 /* PNumber.swift */ = {isa = PBXFileReference; lastKnownFileType = sourcecode.swift; path = PNumber.swift; sourceTree = "<group>"; };
		7B8A118426774F0E00635694 /* PTreeNode + BinarySearch.swift */ = {isa = PBXFileReference; lastKnownFileType = sourcecode.swift; path = "PTreeNode + BinarySearch.swift"; sourceTree = "<group>"; };
		7B8A118926815A1900635694 /* PCollection.swift */ = {isa = PBXFileReference; lastKnownFileType = sourcecode.swift; path = PCollection.swift; sourceTree = "<group>"; };
		B786E7AF248F0F3F00DE1285 /* PractiseValue.swift */ = {isa = PBXFileReference; lastKnownFileType = sourcecode.swift; path = PractiseValue.swift; sourceTree = "<group>"; };
		B7B173AB23AD121400B0729C /* PractiseFind.swift */ = {isa = PBXFileReference; lastKnownFileType = sourcecode.swift; path = PractiseFind.swift; sourceTree = "<group>"; };
		B7B173AE23AE388100B0729C /* practiseString.swift */ = {isa = PBXFileReference; lastKnownFileType = sourcecode.swift; path = practiseString.swift; sourceTree = "<group>"; };
		B7B173B123AF664900B0729C /* PractiseListNodePrint.swift */ = {isa = PBXFileReference; lastKnownFileType = sourcecode.swift; path = PractiseListNodePrint.swift; sourceTree = "<group>"; };
		B7B173B423B36DA500B0729C /* PractiseBinaryTree.swift */ = {isa = PBXFileReference; lastKnownFileType = sourcecode.swift; path = PractiseBinaryTree.swift; sourceTree = "<group>"; };
		B7B173B923B4AA4E00B0729C /* PractiseStackQueue.swift */ = {isa = PBXFileReference; lastKnownFileType = sourcecode.swift; path = PractiseStackQueue.swift; sourceTree = "<group>"; };
		B7DC12D723A9EE47006DCF9B /* PractiseAlgorithm.app */ = {isa = PBXFileReference; explicitFileType = wrapper.application; includeInIndex = 0; path = PractiseAlgorithm.app; sourceTree = BUILT_PRODUCTS_DIR; };
		B7DC12DA23A9EE47006DCF9B /* AppDelegate.swift */ = {isa = PBXFileReference; lastKnownFileType = sourcecode.swift; path = AppDelegate.swift; sourceTree = "<group>"; };
		B7DC12DC23A9EE47006DCF9B /* SceneDelegate.swift */ = {isa = PBXFileReference; lastKnownFileType = sourcecode.swift; path = SceneDelegate.swift; sourceTree = "<group>"; };
		B7DC12DE23A9EE47006DCF9B /* ViewController.swift */ = {isa = PBXFileReference; lastKnownFileType = sourcecode.swift; path = ViewController.swift; sourceTree = "<group>"; };
		B7DC12E123A9EE47006DCF9B /* Base */ = {isa = PBXFileReference; lastKnownFileType = file.storyboard; name = Base; path = Base.lproj/Main.storyboard; sourceTree = "<group>"; };
		B7DC12E323A9EE48006DCF9B /* Assets.xcassets */ = {isa = PBXFileReference; lastKnownFileType = folder.assetcatalog; path = Assets.xcassets; sourceTree = "<group>"; };
		B7DC12E623A9EE48006DCF9B /* Base */ = {isa = PBXFileReference; lastKnownFileType = file.storyboard; name = Base; path = Base.lproj/LaunchScreen.storyboard; sourceTree = "<group>"; };
		B7DC12E823A9EE48006DCF9B /* Info.plist */ = {isa = PBXFileReference; lastKnownFileType = text.plist.xml; path = Info.plist; sourceTree = "<group>"; };
		B7DC12ED23A9EE48006DCF9B /* PractiseAlgorithmTests.xctest */ = {isa = PBXFileReference; explicitFileType = wrapper.cfbundle; includeInIndex = 0; path = PractiseAlgorithmTests.xctest; sourceTree = BUILT_PRODUCTS_DIR; };
		B7DC12F123A9EE48006DCF9B /* PractiseAlgorithmTests.swift */ = {isa = PBXFileReference; lastKnownFileType = sourcecode.swift; path = PractiseAlgorithmTests.swift; sourceTree = "<group>"; };
		B7DC12F323A9EE48006DCF9B /* Info.plist */ = {isa = PBXFileReference; lastKnownFileType = text.plist.xml; path = Info.plist; sourceTree = "<group>"; };
		B7DC12FD23A9EE81006DCF9B /* PractiseSort.swift */ = {isa = PBXFileReference; lastKnownFileType = sourcecode.swift; path = PractiseSort.swift; sourceTree = "<group>"; };
/* End PBXFileReference section */

/* Begin PBXFrameworksBuildPhase section */
		B7DC12D423A9EE47006DCF9B /* Frameworks */ = {
			isa = PBXFrameworksBuildPhase;
			buildActionMask = 2147483647;
			files = (
			);
			runOnlyForDeploymentPostprocessing = 0;
		};
		B7DC12EA23A9EE48006DCF9B /* Frameworks */ = {
			isa = PBXFrameworksBuildPhase;
			buildActionMask = 2147483647;
			files = (
			);
			runOnlyForDeploymentPostprocessing = 0;
		};
/* End PBXFrameworksBuildPhase section */

/* Begin PBXGroup section */
		7B26637F24EEE3D500BD0ED4 /* Matrix */ = {
			isa = PBXGroup;
			children = (
				7B586CAD26AC0DD500FFFB25 /* PMatrix.swift */,
			);
			path = Matrix;
			sourceTree = "<group>";
		};
		7B4A198324AE4274008521E0 /* Number */ = {
			isa = PBXGroup;
			children = (
				7B7B253726B0C35800119830 /* PNumber.swift */,
			);
			path = Number;
			sourceTree = "<group>";
		};
		7B8A1188268159FB00635694 /* Collection */ = {
			isa = PBXGroup;
			children = (
				7B8A118926815A1900635694 /* PCollection.swift */,
			);
			path = Collection;
			sourceTree = "<group>";
		};
		7BE2FC7D24C60829002767CD /* Resources */ = {
			isa = PBXGroup;
			children = (
			);
			path = Resources;
			sourceTree = "<group>";
		};
		B786E7AE248F0EE600DE1285 /* Value */ = {
			isa = PBXGroup;
			children = (
				B786E7AF248F0F3F00DE1285 /* PractiseValue.swift */,
			);
			path = Value;
			sourceTree = "<group>";
		};
		B7B173AA23AD11D200B0729C /* find */ = {
			isa = PBXGroup;
			children = (
				B7B173AB23AD121400B0729C /* PractiseFind.swift */,
			);
			path = find;
			sourceTree = "<group>";
		};
		B7B173AD23AE386F00B0729C /* String */ = {
			isa = PBXGroup;
			children = (
				B7B173AE23AE388100B0729C /* practiseString.swift */,
			);
			path = String;
			sourceTree = "<group>";
		};
		B7B173B023AF65B600B0729C /* ListNode */ = {
			isa = PBXGroup;
			children = (
				B7B173B123AF664900B0729C /* PractiseListNodePrint.swift */,
			);
			path = ListNode;
			sourceTree = "<group>";
		};
		B7B173B323B36D7200B0729C /* BinaryTree */ = {
			isa = PBXGroup;
			children = (
				B7B173B423B36DA500B0729C /* PractiseBinaryTree.swift */,
				7B367182260ABF0300C71401 /* PBinaryTree.swift */,
				7B19AB75261E7F8F0044F40D /* PBinaryTree + traversal.swift */,
				7B19AB7D2623CEF30044F40D /* PBinaryTree + leetcode.swift */,
				7B19AB812634E7EA0044F40D /* PBinaryTree + leetcode2.swift */,
				7B19AB79261FC5A60044F40D /* PBinaryTree + parctise.swift */,
				7B19ABC3265881780044F40D /* PTreeNode + print.swift */,
				7B19ABC9265F10E80044F40D /* PTreeNode + AVL.swift */,
				7B8A118426774F0E00635694 /* PTreeNode + BinarySearch.swift */,
				7B367186260AC12600C71401 /* PTree.swift */,
			);
			path = BinaryTree;
			sourceTree = "<group>";
		};
		B7B173B623B4A9C400B0729C /* StackQueue */ = {
			isa = PBXGroup;
			children = (
				B7B173B923B4AA4E00B0729C /* PractiseStackQueue.swift */,
				7B26637D24EEE1B800BD0ED4 /* PractiseStack.swift */,
				7B3671792602CC5D00C71401 /* PQueue.swift */,
				7B36717E26062B6700C71401 /* PStack.swift */,
			);
			path = StackQueue;
			sourceTree = "<group>";
		};
		B7DC12CE23A9EE47006DCF9B = {
			isa = PBXGroup;
			children = (
				7BE2FC7D24C60829002767CD /* Resources */,
				B7DC12D923A9EE47006DCF9B /* PractiseAlgorithm */,
				B7DC12F023A9EE48006DCF9B /* PractiseAlgorithmTests */,
				B7DC12D823A9EE47006DCF9B /* Products */,
			);
			sourceTree = "<group>";
		};
		B7DC12D823A9EE47006DCF9B /* Products */ = {
			isa = PBXGroup;
			children = (
				B7DC12D723A9EE47006DCF9B /* PractiseAlgorithm.app */,
				B7DC12ED23A9EE48006DCF9B /* PractiseAlgorithmTests.xctest */,
			);
			name = Products;
			sourceTree = "<group>";
		};
		B7DC12D923A9EE47006DCF9B /* PractiseAlgorithm */ = {
			isa = PBXGroup;
			children = (
				7B8A1188268159FB00635694 /* Collection */,
				7B26637F24EEE3D500BD0ED4 /* Matrix */,
				7B4A198324AE4274008521E0 /* Number */,
				B786E7AE248F0EE600DE1285 /* Value */,
				B7DC12FC23A9EE5F006DCF9B /* Sort */,
				B7B173AA23AD11D200B0729C /* find */,
				B7B173AD23AE386F00B0729C /* String */,
				B7B173B023AF65B600B0729C /* ListNode */,
				B7B173B323B36D7200B0729C /* BinaryTree */,
				B7B173B623B4A9C400B0729C /* StackQueue */,
				B7DC12DA23A9EE47006DCF9B /* AppDelegate.swift */,
				B7DC12DC23A9EE47006DCF9B /* SceneDelegate.swift */,
				B7DC12DE23A9EE47006DCF9B /* ViewController.swift */,
				B7DC12E023A9EE47006DCF9B /* Main.storyboard */,
				B7DC12E323A9EE48006DCF9B /* Assets.xcassets */,
				B7DC12E523A9EE48006DCF9B /* LaunchScreen.storyboard */,
				B7DC12E823A9EE48006DCF9B /* Info.plist */,
			);
			path = PractiseAlgorithm;
			sourceTree = "<group>";
		};
		B7DC12F023A9EE48006DCF9B /* PractiseAlgorithmTests */ = {
			isa = PBXGroup;
			children = (
				B7DC12F123A9EE48006DCF9B /* PractiseAlgorithmTests.swift */,
				B7DC12F323A9EE48006DCF9B /* Info.plist */,
			);
			path = PractiseAlgorithmTests;
			sourceTree = "<group>";
		};
		B7DC12FC23A9EE5F006DCF9B /* Sort */ = {
			isa = PBXGroup;
			children = (
				B7DC12FD23A9EE81006DCF9B /* PractiseSort.swift */,
			);
			path = Sort;
			sourceTree = "<group>";
		};
/* End PBXGroup section */

/* Begin PBXNativeTarget section */
		B7DC12D623A9EE47006DCF9B /* PractiseAlgorithm */ = {
			isa = PBXNativeTarget;
			buildConfigurationList = B7DC12F623A9EE48006DCF9B /* Build configuration list for PBXNativeTarget "PractiseAlgorithm" */;
			buildPhases = (
				B7DC12D323A9EE47006DCF9B /* Sources */,
				B7DC12D423A9EE47006DCF9B /* Frameworks */,
				B7DC12D523A9EE47006DCF9B /* Resources */,
			);
			buildRules = (
			);
			dependencies = (
			);
			name = PractiseAlgorithm;
			productName = PractiseAlgorithm;
			productReference = B7DC12D723A9EE47006DCF9B /* PractiseAlgorithm.app */;
			productType = "com.apple.product-type.application";
		};
		B7DC12EC23A9EE48006DCF9B /* PractiseAlgorithmTests */ = {
			isa = PBXNativeTarget;
			buildConfigurationList = B7DC12F923A9EE48006DCF9B /* Build configuration list for PBXNativeTarget "PractiseAlgorithmTests" */;
			buildPhases = (
				B7DC12E923A9EE48006DCF9B /* Sources */,
				B7DC12EA23A9EE48006DCF9B /* Frameworks */,
				B7DC12EB23A9EE48006DCF9B /* Resources */,
			);
			buildRules = (
			);
			dependencies = (
				B7DC12EF23A9EE48006DCF9B /* PBXTargetDependency */,
			);
			name = PractiseAlgorithmTests;
			productName = PractiseAlgorithmTests;
			productReference = B7DC12ED23A9EE48006DCF9B /* PractiseAlgorithmTests.xctest */;
			productType = "com.apple.product-type.bundle.unit-test";
		};
/* End PBXNativeTarget section */

/* Begin PBXProject section */
		B7DC12CF23A9EE47006DCF9B /* Project object */ = {
			isa = PBXProject;
			attributes = {
				LastSwiftUpdateCheck = 1120;
				LastUpgradeCheck = 1120;
				ORGANIZATIONNAME = List;
				TargetAttributes = {
					B7DC12D623A9EE47006DCF9B = {
						CreatedOnToolsVersion = 11.2.1;
					};
					B7DC12EC23A9EE48006DCF9B = {
						CreatedOnToolsVersion = 11.2.1;
						TestTargetID = B7DC12D623A9EE47006DCF9B;
					};
				};
			};
			buildConfigurationList = B7DC12D223A9EE47006DCF9B /* Build configuration list for PBXProject "PractiseAlgorithm" */;
			compatibilityVersion = "Xcode 9.3";
			developmentRegion = en;
			hasScannedForEncodings = 0;
			knownRegions = (
				en,
				Base,
			);
			mainGroup = B7DC12CE23A9EE47006DCF9B;
			productRefGroup = B7DC12D823A9EE47006DCF9B /* Products */;
			projectDirPath = "";
			projectRoot = "";
			targets = (
				B7DC12D623A9EE47006DCF9B /* PractiseAlgorithm */,
				B7DC12EC23A9EE48006DCF9B /* PractiseAlgorithmTests */,
			);
		};
/* End PBXProject section */

/* Begin PBXResourcesBuildPhase section */
		B7DC12D523A9EE47006DCF9B /* Resources */ = {
			isa = PBXResourcesBuildPhase;
			buildActionMask = 2147483647;
			files = (
				B7DC12E723A9EE48006DCF9B /* LaunchScreen.storyboard in Resources */,
				B7DC12E423A9EE48006DCF9B /* Assets.xcassets in Resources */,
				B7DC12E223A9EE47006DCF9B /* Main.storyboard in Resources */,
			);
			runOnlyForDeploymentPostprocessing = 0;
		};
		B7DC12EB23A9EE48006DCF9B /* Resources */ = {
			isa = PBXResourcesBuildPhase;
			buildActionMask = 2147483647;
			files = (
			);
			runOnlyForDeploymentPostprocessing = 0;
		};
/* End PBXResourcesBuildPhase section */

/* Begin PBXSourcesBuildPhase section */
		B7DC12D323A9EE47006DCF9B /* Sources */ = {
			isa = PBXSourcesBuildPhase;
			buildActionMask = 2147483647;
			files = (
				7B19AB76261E7F8F0044F40D /* PBinaryTree + traversal.swift in Sources */,
				7B7B253826B0C35800119830 /* PNumber.swift in Sources */,
				7B19AB7A261FC5A60044F40D /* PBinaryTree + parctise.swift in Sources */,
				B7DC12FE23A9EE81006DCF9B /* PractiseSort.swift in Sources */,
				7B367183260ABF0300C71401 /* PBinaryTree.swift in Sources */,
				7B36717F26062B6700C71401 /* PStack.swift in Sources */,
				7B586CAE26AC0DD500FFFB25 /* PMatrix.swift in Sources */,
				B7B173B223AF664900B0729C /* PractiseListNodePrint.swift in Sources */,
				7B19ABC4265881780044F40D /* PTreeNode + print.swift in Sources */,
				7B19AB822634E7EA0044F40D /* PBinaryTree + leetcode2.swift in Sources */,
				B786E7B0248F0F3F00DE1285 /* PractiseValue.swift in Sources */,
				7B19ABCA265F10E80044F40D /* PTreeNode + AVL.swift in Sources */,
				7B36717A2602CC5D00C71401 /* PQueue.swift in Sources */,
				B7DC12DF23A9EE47006DCF9B /* ViewController.swift in Sources */,
				B7B173B523B36DA500B0729C /* PractiseBinaryTree.swift in Sources */,
				7B19AB7E2623CEF30044F40D /* PBinaryTree + leetcode.swift in Sources */,
				B7DC12DB23A9EE47006DCF9B /* AppDelegate.swift in Sources */,
				B7B173BA23B4AA4E00B0729C /* PractiseStackQueue.swift in Sources */,
				B7DC12DD23A9EE47006DCF9B /* SceneDelegate.swift in Sources */,
				B7B173AC23AD121400B0729C /* PractiseFind.swift in Sources */,
				B7B173AF23AE388200B0729C /* practiseString.swift in Sources */,
				7B8A118526774F0E00635694 /* PTreeNode + BinarySearch.swift in Sources */,
				7B26637E24EEE1B800BD0ED4 /* PractiseStack.swift in Sources */,
				7B8A118A26815A1900635694 /* PCollection.swift in Sources */,
				7B367187260AC12600C71401 /* PTree.swift in Sources */,
			);
			runOnlyForDeploymentPostprocessing = 0;
		};
		B7DC12E923A9EE48006DCF9B /* Sources */ = {
			isa = PBXSourcesBuildPhase;
			buildActionMask = 2147483647;
			files = (
				B7DC12F223A9EE48006DCF9B /* PractiseAlgorithmTests.swift in Sources */,
			);
			runOnlyForDeploymentPostprocessing = 0;
		};
/* End PBXSourcesBuildPhase section */

/* Begin PBXTargetDependency section */
		B7DC12EF23A9EE48006DCF9B /* PBXTargetDependency */ = {
			isa = PBXTargetDependency;
			target = B7DC12D623A9EE47006DCF9B /* PractiseAlgorithm */;
			targetProxy = B7DC12EE23A9EE48006DCF9B /* PBXContainerItemProxy */;
		};
/* End PBXTargetDependency section */

/* Begin PBXVariantGroup section */
		B7DC12E023A9EE47006DCF9B /* Main.storyboard */ = {
			isa = PBXVariantGroup;
			children = (
				B7DC12E123A9EE47006DCF9B /* Base */,
			);
			name = Main.storyboard;
			sourceTree = "<group>";
		};
		B7DC12E523A9EE48006DCF9B /* LaunchScreen.storyboard */ = {
			isa = PBXVariantGroup;
			children = (
				B7DC12E623A9EE48006DCF9B /* Base */,
			);
			name = LaunchScreen.storyboard;
			sourceTree = "<group>";
		};
/* End PBXVariantGroup section */

/* Begin XCBuildConfiguration section */
		B7DC12F423A9EE48006DCF9B /* Debug */ = {
			isa = XCBuildConfiguration;
			buildSettings = {
				ALWAYS_SEARCH_USER_PATHS = NO;
				CLANG_ANALYZER_NONNULL = YES;
				CLANG_ANALYZER_NUMBER_OBJECT_CONVERSION = YES_AGGRESSIVE;
				CLANG_CXX_LANGUAGE_STANDARD = "gnu++14";
				CLANG_CXX_LIBRARY = "libc++";
				CLANG_ENABLE_MODULES = YES;
				CLANG_ENABLE_OBJC_ARC = YES;
				CLANG_ENABLE_OBJC_WEAK = YES;
				CLANG_WARN_BLOCK_CAPTURE_AUTORELEASING = YES;
				CLANG_WARN_BOOL_CONVERSION = YES;
				CLANG_WARN_COMMA = YES;
				CLANG_WARN_CONSTANT_CONVERSION = YES;
				CLANG_WARN_DEPRECATED_OBJC_IMPLEMENTATIONS = YES;
				CLANG_WARN_DIRECT_OBJC_ISA_USAGE = YES_ERROR;
				CLANG_WARN_DOCUMENTATION_COMMENTS = YES;
				CLANG_WARN_EMPTY_BODY = YES;
				CLANG_WARN_ENUM_CONVERSION = YES;
				CLANG_WARN_INFINITE_RECURSION = YES;
				CLANG_WARN_INT_CONVERSION = YES;
				CLANG_WARN_NON_LITERAL_NULL_CONVERSION = YES;
				CLANG_WARN_OBJC_IMPLICIT_RETAIN_SELF = YES;
				CLANG_WARN_OBJC_LITERAL_CONVERSION = YES;
				CLANG_WARN_OBJC_ROOT_CLASS = YES_ERROR;
				CLANG_WARN_RANGE_LOOP_ANALYSIS = YES;
				CLANG_WARN_STRICT_PROTOTYPES = YES;
				CLANG_WARN_SUSPICIOUS_MOVE = YES;
				CLANG_WARN_UNGUARDED_AVAILABILITY = YES_AGGRESSIVE;
				CLANG_WARN_UNREACHABLE_CODE = YES;
				CLANG_WARN__DUPLICATE_METHOD_MATCH = YES;
				COPY_PHASE_STRIP = NO;
				DEBUG_INFORMATION_FORMAT = dwarf;
				ENABLE_STRICT_OBJC_MSGSEND = YES;
				ENABLE_TESTABILITY = YES;
				GCC_C_LANGUAGE_STANDARD = gnu11;
				GCC_DYNAMIC_NO_PIC = NO;
				GCC_NO_COMMON_BLOCKS = YES;
				GCC_OPTIMIZATION_LEVEL = 0;
				GCC_PREPROCESSOR_DEFINITIONS = (
					"DEBUG=1",
					"$(inherited)",
				);
				GCC_WARN_64_TO_32_BIT_CONVERSION = YES;
				GCC_WARN_ABOUT_RETURN_TYPE = YES_ERROR;
				GCC_WARN_UNDECLARED_SELECTOR = YES;
				GCC_WARN_UNINITIALIZED_AUTOS = YES_AGGRESSIVE;
				GCC_WARN_UNUSED_FUNCTION = YES;
				GCC_WARN_UNUSED_VARIABLE = YES;
				IPHONEOS_DEPLOYMENT_TARGET = 13.2;
				MTL_ENABLE_DEBUG_INFO = INCLUDE_SOURCE;
				MTL_FAST_MATH = YES;
				ONLY_ACTIVE_ARCH = YES;
				SDKROOT = iphoneos;
				SWIFT_ACTIVE_COMPILATION_CONDITIONS = DEBUG;
				SWIFT_OPTIMIZATION_LEVEL = "-Onone";
			};
			name = Debug;
		};
		B7DC12F523A9EE48006DCF9B /* Release */ = {
			isa = XCBuildConfiguration;
			buildSettings = {
				ALWAYS_SEARCH_USER_PATHS = NO;
				CLANG_ANALYZER_NONNULL = YES;
				CLANG_ANALYZER_NUMBER_OBJECT_CONVERSION = YES_AGGRESSIVE;
				CLANG_CXX_LANGUAGE_STANDARD = "gnu++14";
				CLANG_CXX_LIBRARY = "libc++";
				CLANG_ENABLE_MODULES = YES;
				CLANG_ENABLE_OBJC_ARC = YES;
				CLANG_ENABLE_OBJC_WEAK = YES;
				CLANG_WARN_BLOCK_CAPTURE_AUTORELEASING = YES;
				CLANG_WARN_BOOL_CONVERSION = YES;
				CLANG_WARN_COMMA = YES;
				CLANG_WARN_CONSTANT_CONVERSION = YES;
				CLANG_WARN_DEPRECATED_OBJC_IMPLEMENTATIONS = YES;
				CLANG_WARN_DIRECT_OBJC_ISA_USAGE = YES_ERROR;
				CLANG_WARN_DOCUMENTATION_COMMENTS = YES;
				CLANG_WARN_EMPTY_BODY = YES;
				CLANG_WARN_ENUM_CONVERSION = YES;
				CLANG_WARN_INFINITE_RECURSION = YES;
				CLANG_WARN_INT_CONVERSION = YES;
				CLANG_WARN_NON_LITERAL_NULL_CONVERSION = YES;
				CLANG_WARN_OBJC_IMPLICIT_RETAIN_SELF = YES;
				CLANG_WARN_OBJC_LITERAL_CONVERSION = YES;
				CLANG_WARN_OBJC_ROOT_CLASS = YES_ERROR;
				CLANG_WARN_RANGE_LOOP_ANALYSIS = YES;
				CLANG_WARN_STRICT_PROTOTYPES = YES;
				CLANG_WARN_SUSPICIOUS_MOVE = YES;
				CLANG_WARN_UNGUARDED_AVAILABILITY = YES_AGGRESSIVE;
				CLANG_WARN_UNREACHABLE_CODE = YES;
				CLANG_WARN__DUPLICATE_METHOD_MATCH = YES;
				COPY_PHASE_STRIP = NO;
				DEBUG_INFORMATION_FORMAT = "dwarf-with-dsym";
				ENABLE_NS_ASSERTIONS = NO;
				ENABLE_STRICT_OBJC_MSGSEND = YES;
				GCC_C_LANGUAGE_STANDARD = gnu11;
				GCC_NO_COMMON_BLOCKS = YES;
				GCC_WARN_64_TO_32_BIT_CONVERSION = YES;
				GCC_WARN_ABOUT_RETURN_TYPE = YES_ERROR;
				GCC_WARN_UNDECLARED_SELECTOR = YES;
				GCC_WARN_UNINITIALIZED_AUTOS = YES_AGGRESSIVE;
				GCC_WARN_UNUSED_FUNCTION = YES;
				GCC_WARN_UNUSED_VARIABLE = YES;
				IPHONEOS_DEPLOYMENT_TARGET = 13.2;
				MTL_ENABLE_DEBUG_INFO = NO;
				MTL_FAST_MATH = YES;
				SDKROOT = iphoneos;
				SWIFT_COMPILATION_MODE = wholemodule;
				SWIFT_OPTIMIZATION_LEVEL = "-O";
				VALIDATE_PRODUCT = YES;
			};
			name = Release;
		};
		B7DC12F723A9EE48006DCF9B /* Debug */ = {
			isa = XCBuildConfiguration;
			buildSettings = {
				ASSETCATALOG_COMPILER_APPICON_NAME = AppIcon;
				CODE_SIGN_STYLE = Automatic;
				INFOPLIST_FILE = PractiseAlgorithm/Info.plist;
				LD_RUNPATH_SEARCH_PATHS = (
					"$(inherited)",
					"@executable_path/Frameworks",
				);
				PRODUCT_BUNDLE_IDENTIFIER = list.PractiseAlgorithm;
				PRODUCT_NAME = "$(TARGET_NAME)";
				SWIFT_VERSION = 5.0;
				TARGETED_DEVICE_FAMILY = "1,2";
			};
			name = Debug;
		};
		B7DC12F823A9EE48006DCF9B /* Release */ = {
			isa = XCBuildConfiguration;
			buildSettings = {
				ASSETCATALOG_COMPILER_APPICON_NAME = AppIcon;
				CODE_SIGN_STYLE = Automatic;
				INFOPLIST_FILE = PractiseAlgorithm/Info.plist;
				LD_RUNPATH_SEARCH_PATHS = (
					"$(inherited)",
					"@executable_path/Frameworks",
				);
				PRODUCT_BUNDLE_IDENTIFIER = list.PractiseAlgorithm;
				PRODUCT_NAME = "$(TARGET_NAME)";
				SWIFT_VERSION = 5.0;
				TARGETED_DEVICE_FAMILY = "1,2";
			};
			name = Release;
		};
		B7DC12FA23A9EE48006DCF9B /* Debug */ = {
			isa = XCBuildConfiguration;
			buildSettings = {
				ALWAYS_EMBED_SWIFT_STANDARD_LIBRARIES = YES;
				BUNDLE_LOADER = "$(TEST_HOST)";
				CODE_SIGN_STYLE = Automatic;
				INFOPLIST_FILE = PractiseAlgorithmTests/Info.plist;
				IPHONEOS_DEPLOYMENT_TARGET = 13.2;
				LD_RUNPATH_SEARCH_PATHS = (
					"$(inherited)",
					"@executable_path/Frameworks",
					"@loader_path/Frameworks",
				);
				PRODUCT_BUNDLE_IDENTIFIER = list.PractiseAlgorithmTests;
				PRODUCT_NAME = "$(TARGET_NAME)";
				SWIFT_VERSION = 5.0;
				TARGETED_DEVICE_FAMILY = "1,2";
				TEST_HOST = "$(BUILT_PRODUCTS_DIR)/PractiseAlgorithm.app/PractiseAlgorithm";
			};
			name = Debug;
		};
		B7DC12FB23A9EE48006DCF9B /* Release */ = {
			isa = XCBuildConfiguration;
			buildSettings = {
				ALWAYS_EMBED_SWIFT_STANDARD_LIBRARIES = YES;
				BUNDLE_LOADER = "$(TEST_HOST)";
				CODE_SIGN_STYLE = Automatic;
				INFOPLIST_FILE = PractiseAlgorithmTests/Info.plist;
				IPHONEOS_DEPLOYMENT_TARGET = 13.2;
				LD_RUNPATH_SEARCH_PATHS = (
					"$(inherited)",
					"@executable_path/Frameworks",
					"@loader_path/Frameworks",
				);
				PRODUCT_BUNDLE_IDENTIFIER = list.PractiseAlgorithmTests;
				PRODUCT_NAME = "$(TARGET_NAME)";
				SWIFT_VERSION = 5.0;
				TARGETED_DEVICE_FAMILY = "1,2";
				TEST_HOST = "$(BUILT_PRODUCTS_DIR)/PractiseAlgorithm.app/PractiseAlgorithm";
			};
			name = Release;
		};
/* End XCBuildConfiguration section */

/* Begin XCConfigurationList section */
		B7DC12D223A9EE47006DCF9B /* Build configuration list for PBXProject "PractiseAlgorithm" */ = {
			isa = XCConfigurationList;
			buildConfigurations = (
				B7DC12F423A9EE48006DCF9B /* Debug */,
				B7DC12F523A9EE48006DCF9B /* Release */,
			);
			defaultConfigurationIsVisible = 0;
			defaultConfigurationName = Release;
		};
		B7DC12F623A9EE48006DCF9B /* Build configuration list for PBXNativeTarget "PractiseAlgorithm" */ = {
			isa = XCConfigurationList;
			buildConfigurations = (
				B7DC12F723A9EE48006DCF9B /* Debug */,
				B7DC12F823A9EE48006DCF9B /* Release */,
			);
			defaultConfigurationIsVisible = 0;
			defaultConfigurationName = Release;
		};
		B7DC12F923A9EE48006DCF9B /* Build configuration list for PBXNativeTarget "PractiseAlgorithmTests" */ = {
			isa = XCConfigurationList;
			buildConfigurations = (
				B7DC12FA23A9EE48006DCF9B /* Debug */,
				B7DC12FB23A9EE48006DCF9B /* Release */,
			);
			defaultConfigurationIsVisible = 0;
			defaultConfigurationName = Release;
		};
/* End XCConfigurationList section */
	};
	rootObject = B7DC12CF23A9EE47006DCF9B /* Project object */;
}
